
Microsoft Visual Studio Solution File, Format Version 12.00
Project("{FAE04EC0-301F-11D3-BF4B-00C04F79EFBC}") = "ActiveDirectoryManager", "ActiveDirectoryManager\ActiveDirectoryManager.csproj", "{95E9E198-91ED-425A-9532-CD85333813C1}"
EndProject
Project("{FAE04EC0-301F-11D3-BF4B-00C04F79EFBC}") = "ActiveDirectoryManager.Tests", "ActiveDirectoryManager.Tests\ActiveDirectoryManager.Tests.csproj", "{06BDCE80-97E1-46D1-8076-7496AD22B381}"
EndProject
Global
	GlobalSection(SolutionConfigurationPlatforms) = preSolution
		Debug|Any CPU = Debug|Any CPU
		Release|Any CPU = Release|Any CPU
	EndGlobalSection
	GlobalSection(ProjectConfigurationPlatforms) = postSolution
		{95E9E198-91ED-425A-9532-CD85333813C1}.Debug|Any CPU.ActiveCfg = Debug|Any CPU
		{95E9E198-91ED-425A-9532-CD85333813C1}.Debug|Any CPU.Build.0 = Debug|Any CPU
		{95E9E198-91ED-425A-9532-CD85333813C1}.Release|Any CPU.ActiveCfg = Release|Any CPU
		{95E9E198-91ED-425A-9532-CD85333813C1}.Release|Any CPU.Build.0 = Release|Any CPU
		{06BDCE80-97E1-46D1-8076-7496AD22B381}.Debug|Any CPU.ActiveCfg = Debug|Any CPU
		{06BDCE80-97E1-46D1-8076-7496AD22B381}.Debug|Any CPU.Build.0 = Debug|Any CPU
		{06BDCE80-97E1-46D1-8076-7496AD22B381}.Release|Any CPU.ActiveCfg = Release|Any CPU
		{06BDCE80-97E1-46D1-8076-7496AD22B381}.Release|Any CPU.Build.0 = Release|Any CPU
	EndGlobalSection
EndGlobal
